
Microsoft Visual Studio Solution File, Format Version 12.00
# Visual Studio Version 16
VisualStudioVersion = 16.0.30104.148
MinimumVisualStudioVersion = 10.0.40219.1
Project("{FAE04EC0-301F-11D3-BF4B-00C04F79EFBC}") = "TextMarkSwitch", "TextMarkSwitch\TextMarkSwitch.csproj", "{690D83EF-3A28-42D7-8EBF-E94B2908794B}"
EndProject
Global
	GlobalSection(SolutionConfigurationPlatforms) = preSolution
		Debug|Any CPU = Debug|Any CPU
		Release|Any CPU = Release|Any CPU
	EndGlobalSection
	GlobalSection(ProjectConfigurationPlatforms) = postSolution
		{690D83EF-3A28-42D7-8EBF-E94B2908794B}.Debug|Any CPU.ActiveCfg = Debug|Any CPU
		{690D83EF-3A28-42D7-8EBF-E94B2908794B}.Debug|Any CPU.Build.0 = Debug|Any CPU
		{690D83EF-3A28-42D7-8EBF-E94B2908794B}.Release|Any CPU.ActiveCfg = Release|Any CPU
		{690D83EF-3A28-42D7-8EBF-E94B2908794B}.Release|Any CPU.Build.0 = Release|Any CPU
	EndGlobalSection
	GlobalSection(SolutionProperties) = preSolution
		HideSolutionNode = FALSE
	EndGlobalSection
	GlobalSection(ExtensibilityGlobals) = postSolution
		SolutionGuid = {E44447C4-0E11-477C-B9EB-6AF87AECEE4D}
	EndGlobalSection
EndGlobal
